
Microsoft Visual Studio Solution File, Format Version 12.00
# Visual Studio Version 17
VisualStudioVersion = 17.0.31903.59
MinimumVisualStudioVersion = 10.0.40219.1
Project("{FAE04EC0-301F-11D3-BF4B-00C04F79EFBC}") = "API", "API\API.csproj", "{0F179A1A-7922-44B7-8101-E9D30BE0C1C9}"
EndProject
Project("{FAE04EC0-301F-11D3-BF4B-00C04F79EFBC}") = "Application", "Application\Application.csproj", "{C9BD110A-8A50-47B0-B3E0-F1C9DAAE99B9}"
EndProject
Project("{FAE04EC0-301F-11D3-BF4B-00C04F79EFBC}") = "Domain", "Domain\Domain.csproj", "{5E808D5F-C6C9-4EC1-8450-B9DA95A465A1}"
EndProject
Project("{FAE04EC0-301F-11D3-BF4B-00C04F79EFBC}") = "Persistence", "Persistence\Persistence.csproj", "{4EEAA899-9450-45D5-95DD-6ACD01531635}"
EndProject
Project("{FAE04EC0-301F-11D3-BF4B-00C04F79EFBC}") = "Infrastructure", "Infrastructure\Infrastructure.csproj", "{72146594-0945-460A-8A5D-B61DD756ACA9}"
EndProject
Global
	GlobalSection(SolutionConfigurationPlatforms) = preSolution
		Debug|Any CPU = Debug|Any CPU
		Release|Any CPU = Release|Any CPU
	EndGlobalSection
	GlobalSection(SolutionProperties) = preSolution
		HideSolutionNode = FALSE
	EndGlobalSection
	GlobalSection(ProjectConfigurationPlatforms) = postSolution
		{0F179A1A-7922-44B7-8101-E9D30BE0C1C9}.Debug|Any CPU.ActiveCfg = Debug|Any CPU
		{0F179A1A-7922-44B7-8101-E9D30BE0C1C9}.Debug|Any CPU.Build.0 = Debug|Any CPU
		{0F179A1A-7922-44B7-8101-E9D30BE0C1C9}.Release|Any CPU.ActiveCfg = Release|Any CPU
		{0F179A1A-7922-44B7-8101-E9D30BE0C1C9}.Release|Any CPU.Build.0 = Release|Any CPU
		{C9BD110A-8A50-47B0-B3E0-F1C9DAAE99B9}.Debug|Any CPU.ActiveCfg = Debug|Any CPU
		{C9BD110A-8A50-47B0-B3E0-F1C9DAAE99B9}.Debug|Any CPU.Build.0 = Debug|Any CPU
		{C9BD110A-8A50-47B0-B3E0-F1C9DAAE99B9}.Release|Any CPU.ActiveCfg = Release|Any CPU
		{C9BD110A-8A50-47B0-B3E0-F1C9DAAE99B9}.Release|Any CPU.Build.0 = Release|Any CPU
		{5E808D5F-C6C9-4EC1-8450-B9DA95A465A1}.Debug|Any CPU.ActiveCfg = Debug|Any CPU
		{5E808D5F-C6C9-4EC1-8450-B9DA95A465A1}.Debug|Any CPU.Build.0 = Debug|Any CPU
		{5E808D5F-C6C9-4EC1-8450-B9DA95A465A1}.Release|Any CPU.ActiveCfg = Release|Any CPU
		{5E808D5F-C6C9-4EC1-8450-B9DA95A465A1}.Release|Any CPU.Build.0 = Release|Any CPU
		{4EEAA899-9450-45D5-95DD-6ACD01531635}.Debug|Any CPU.ActiveCfg = Debug|Any CPU
		{4EEAA899-9450-45D5-95DD-6ACD01531635}.Debug|Any CPU.Build.0 = Debug|Any CPU
		{4EEAA899-9450-45D5-95DD-6ACD01531635}.Release|Any CPU.ActiveCfg = Release|Any CPU
		{4EEAA899-9450-45D5-95DD-6ACD01531635}.Release|Any CPU.Build.0 = Release|Any CPU
		{72146594-0945-460A-8A5D-B61DD756ACA9}.Debug|Any CPU.ActiveCfg = Debug|Any CPU
		{72146594-0945-460A-8A5D-B61DD756ACA9}.Debug|Any CPU.Build.0 = Debug|Any CPU
		{72146594-0945-460A-8A5D-B61DD756ACA9}.Release|Any CPU.ActiveCfg = Release|Any CPU
		{72146594-0945-460A-8A5D-B61DD756ACA9}.Release|Any CPU.Build.0 = Release|Any CPU
	EndGlobalSection
EndGlobal
